
Microsoft Visual Studio Solution File, Format Version 12.00
# Visual Studio Version 16
VisualStudioVersion = 16.0.30225.117
MinimumVisualStudioVersion = 10.0.40219.1
Project("{FAE04EC0-301F-11D3-BF4B-00C04F79EFBC}") = "OvercookedTool", "OvercookedTool\OvercookedTool.csproj", "{19F2C015-55BB-44FF-81B1-468C965620F5}"
EndProject
Global
	GlobalSection(SolutionConfigurationPlatforms) = preSolution
		Debug|Any CPU = Debug|Any CPU
		Release|Any CPU = Release|Any CPU
	EndGlobalSection
	GlobalSection(ProjectConfigurationPlatforms) = postSolution
		{19F2C015-55BB-44FF-81B1-468C965620F5}.Debug|Any CPU.ActiveCfg = Debug|Any CPU
		{19F2C015-55BB-44FF-81B1-468C965620F5}.Debug|Any CPU.Build.0 = Debug|Any CPU
		{19F2C015-55BB-44FF-81B1-468C965620F5}.Release|Any CPU.ActiveCfg = Release|Any CPU
		{19F2C015-55BB-44FF-81B1-468C965620F5}.Release|Any CPU.Build.0 = Release|Any CPU
	EndGlobalSection
	GlobalSection(SolutionProperties) = preSolution
		HideSolutionNode = FALSE
	EndGlobalSection
	GlobalSection(ExtensibilityGlobals) = postSolution
		SolutionGuid = {499BD1F3-E6B4-4288-BDEA-D5FDA7B40C8C}
	EndGlobalSection
EndGlobal
